
Microsoft Visual Studio Solution File, Format Version 12.00
# Visual Studio 2012
Project("{FAE04EC0-301F-11D3-BF4B-00C04F79EFBC}") = "AtlassianStashSharp", "AtlassianStashSharp.csproj", "{E70FFE95-0577-4BE0-9D1B-978AFE3B2464}"
EndProject
Project("{FAE04EC0-301F-11D3-BF4B-00C04F79EFBC}") = "TestStash", "..\TestStash\TestStash.csproj", "{8A928CFA-78AF-469C-976C-E3553372626D}"
EndProject
Global
	GlobalSection(SolutionConfigurationPlatforms) = preSolution
		Debug|Any CPU = Debug|Any CPU
		Release|Any CPU = Release|Any CPU
	EndGlobalSection
	GlobalSection(ProjectConfigurationPlatforms) = postSolution
		{E70FFE95-0577-4BE0-9D1B-978AFE3B2464}.Debug|Any CPU.ActiveCfg = Debug|Any CPU
		{E70FFE95-0577-4BE0-9D1B-978AFE3B2464}.Debug|Any CPU.Build.0 = Debug|Any CPU
		{E70FFE95-0577-4BE0-9D1B-978AFE3B2464}.Release|Any CPU.ActiveCfg = Release|Any CPU
		{E70FFE95-0577-4BE0-9D1B-978AFE3B2464}.Release|Any CPU.Build.0 = Release|Any CPU
		{8A928CFA-78AF-469C-976C-E3553372626D}.Debug|Any CPU.ActiveCfg = Debug|Any CPU
		{8A928CFA-78AF-469C-976C-E3553372626D}.Debug|Any CPU.Build.0 = Debug|Any CPU
		{8A928CFA-78AF-469C-976C-E3553372626D}.Release|Any CPU.ActiveCfg = Release|Any CPU
		{8A928CFA-78AF-469C-976C-E3553372626D}.Release|Any CPU.Build.0 = Release|Any CPU
	EndGlobalSection
	GlobalSection(SolutionProperties) = preSolution
		HideSolutionNode = FALSE
	EndGlobalSection
EndGlobal
